
Microsoft Visual Studio Solution File, Format Version 12.00
# Visual Studio Version 17
VisualStudioVersion = 17.3.32825.248
MinimumVisualStudioVersion = 10.0.40219.1
Project("{FAE04EC0-301F-11D3-BF4B-00C04F79EFBC}") = "DataGrid Dashboard", "DataGrid Dashboard.csproj", "{AB16B0D8-9374-40C7-9541-0765DCE97F99}"
EndProject
Global
	GlobalSection(SolutionConfigurationPlatforms) = preSolution
		Debug|Any CPU = Debug|Any CPU
		Release|Any CPU = Release|Any CPU
	EndGlobalSection
	GlobalSection(ProjectConfigurationPlatforms) = postSolution
		{AB16B0D8-9374-40C7-9541-0765DCE97F99}.Debug|Any CPU.ActiveCfg = Debug|Any CPU
		{AB16B0D8-9374-40C7-9541-0765DCE97F99}.Debug|Any CPU.Build.0 = Debug|Any CPU
		{AB16B0D8-9374-40C7-9541-0765DCE97F99}.Release|Any CPU.ActiveCfg = Release|Any CPU
		{AB16B0D8-9374-40C7-9541-0765DCE97F99}.Release|Any CPU.Build.0 = Release|Any CPU
	EndGlobalSection
	GlobalSection(SolutionProperties) = preSolution
		HideSolutionNode = FALSE
	EndGlobalSection
	GlobalSection(ExtensibilityGlobals) = postSolution
		SolutionGuid = {18305727-E70E-4FBE-BA81-C5F6E10687E6}
	EndGlobalSection
EndGlobal
